// !$*UTF8*$!
{
	archiveVersion = 1;
	classes = {
	};
	objectVersion = 55;
	objects = {

/* Begin PBXBuildFile section */
		DC018ECA28E96B200044ACBE /* RoutineApp.swift in Sources */ = {isa = PBXBuildFile; fileRef = DC018EC928E96B200044ACBE /* RoutineApp.swift */; };
		DC018ECC28E96B200044ACBE /* ContentView.swift in Sources */ = {isa = PBXBuildFile; fileRef = DC018ECB28E96B200044ACBE /* ContentView.swift */; };
		DC018ECE28E96B220044ACBE /* Assets.xcassets in Resources */ = {isa = PBXBuildFile; fileRef = DC018ECD28E96B220044ACBE /* Assets.xcassets */; };
		DC018ED128E96B220044ACBE /* Preview Assets.xcassets in Resources */ = {isa = PBXBuildFile; fileRef = DC018ED028E96B220044ACBE /* Preview Assets.xcassets */; };
		DC018EDE28E96BF40044ACBE /* ListWithIconView.swift in Sources */ = {isa = PBXBuildFile; fileRef = DC018ED828E96BF10044ACBE /* ListWithIconView.swift */; };
		DC018EDF28E96BF40044ACBE /* CurrentDynamicButtonView.swift in Sources */ = {isa = PBXBuildFile; fileRef = DC018ED928E96BF20044ACBE /* CurrentDynamicButtonView.swift */; };
		DC018EE028E96BF40044ACBE /* HomeView.swift in Sources */ = {isa = PBXBuildFile; fileRef = DC018EDA28E96BF20044ACBE /* HomeView.swift */; };
		DC018EE128E96BF40044ACBE /* ListView.swift in Sources */ = {isa = PBXBuildFile; fileRef = DC018EDB28E96BF30044ACBE /* ListView.swift */; };
		DC018EE228E96BF40044ACBE /* TabBarView.swift in Sources */ = {isa = PBXBuildFile; fileRef = DC018EDC28E96BF40044ACBE /* TabBarView.swift */; };
		DC018EE328E96BF40044ACBE /* CurrentView.swift in Sources */ = {isa = PBXBuildFile; fileRef = DC018EDD28E96BF40044ACBE /* CurrentView.swift */; };
		DC018EE728E96C100044ACBE /* TaskModel.swift in Sources */ = {isa = PBXBuildFile; fileRef = DC018EE528E96C100044ACBE /* TaskModel.swift */; };
		DC018EE828E96C100044ACBE /* UserModel.swift in Sources */ = {isa = PBXBuildFile; fileRef = DC018EE628E96C100044ACBE /* UserModel.swift */; };
		DC018EEE28E97EF80044ACBE /* AddView.swift in Sources */ = {isa = PBXBuildFile; fileRef = DC018EED28E97EF80044ACBE /* AddView.swift */; };
		DC018EF128EA3EF80044ACBE /* CalandarPageView.swift in Sources */ = {isa = PBXBuildFile; fileRef = DC018EF028EA3EF80044ACBE /* CalandarPageView.swift */; };
		DC018EF428EA3F140044ACBE /* UserPageView.swift in Sources */ = {isa = PBXBuildFile; fileRef = DC018EF328EA3F140044ACBE /* UserPageView.swift */; };
		DC018EF628EA3F220044ACBE /* SettingView.swift in Sources */ = {isa = PBXBuildFile; fileRef = DC018EF528EA3F220044ACBE /* SettingView.swift */; };
		DC018EFC28EA49240044ACBE /* UserViewModel.swift in Sources */ = {isa = PBXBuildFile; fileRef = DC018EFB28EA49240044ACBE /* UserViewModel.swift */; };
		DC018EFE28EAC9850044ACBE /* CurrentAddButtonView.swift in Sources */ = {isa = PBXBuildFile; fileRef = DC018EFD28EAC9850044ACBE /* CurrentAddButtonView.swift */; };
/* End PBXBuildFile section */

/* Begin PBXFileReference section */
		DC018EC628E96B200044ACBE /* Routine.app */ = {isa = PBXFileReference; explicitFileType = wrapper.application; includeInIndex = 0; path = Routine.app; sourceTree = BUILT_PRODUCTS_DIR; };
		DC018EC928E96B200044ACBE /* RoutineApp.swift */ = {isa = PBXFileReference; lastKnownFileType = sourcecode.swift; path = RoutineApp.swift; sourceTree = "<group>"; };
		DC018ECB28E96B200044ACBE /* ContentView.swift */ = {isa = PBXFileReference; lastKnownFileType = sourcecode.swift; path = ContentView.swift; sourceTree = "<group>"; };
		DC018ECD28E96B220044ACBE /* Assets.xcassets */ = {isa = PBXFileReference; lastKnownFileType = folder.assetcatalog; path = Assets.xcassets; sourceTree = "<group>"; };
		DC018ED028E96B220044ACBE /* Preview Assets.xcassets */ = {isa = PBXFileReference; lastKnownFileType = folder.assetcatalog; path = "Preview Assets.xcassets"; sourceTree = "<group>"; };
		DC018ED828E96BF10044ACBE /* ListWithIconView.swift */ = {isa = PBXFileReference; fileEncoding = 4; lastKnownFileType = sourcecode.swift; path = ListWithIconView.swift; sourceTree = "<group>"; };
		DC018ED928E96BF20044ACBE /* CurrentDynamicButtonView.swift */ = {isa = PBXFileReference; fileEncoding = 4; lastKnownFileType = sourcecode.swift; path = CurrentDynamicButtonView.swift; sourceTree = "<group>"; };
		DC018EDA28E96BF20044ACBE /* HomeView.swift */ = {isa = PBXFileReference; fileEncoding = 4; lastKnownFileType = sourcecode.swift; path = HomeView.swift; sourceTree = "<group>"; };
		DC018EDB28E96BF30044ACBE /* ListView.swift */ = {isa = PBXFileReference; fileEncoding = 4; lastKnownFileType = sourcecode.swift; path = ListView.swift; sourceTree = "<group>"; };
		DC018EDC28E96BF40044ACBE /* TabBarView.swift */ = {isa = PBXFileReference; fileEncoding = 4; lastKnownFileType = sourcecode.swift; path = TabBarView.swift; sourceTree = "<group>"; };
		DC018EDD28E96BF40044ACBE /* CurrentView.swift */ = {isa = PBXFileReference; fileEncoding = 4; lastKnownFileType = sourcecode.swift; path = CurrentView.swift; sourceTree = "<group>"; };
		DC018EE528E96C100044ACBE /* TaskModel.swift */ = {isa = PBXFileReference; fileEncoding = 4; lastKnownFileType = sourcecode.swift; path = TaskModel.swift; sourceTree = "<group>"; };
		DC018EE628E96C100044ACBE /* UserModel.swift */ = {isa = PBXFileReference; fileEncoding = 4; lastKnownFileType = sourcecode.swift; path = UserModel.swift; sourceTree = "<group>"; };
		DC018EED28E97EF80044ACBE /* AddView.swift */ = {isa = PBXFileReference; lastKnownFileType = sourcecode.swift; path = AddView.swift; sourceTree = "<group>"; };
		DC018EF028EA3EF80044ACBE /* CalandarPageView.swift */ = {isa = PBXFileReference; lastKnownFileType = sourcecode.swift; path = CalandarPageView.swift; sourceTree = "<group>"; };
		DC018EF328EA3F140044ACBE /* UserPageView.swift */ = {isa = PBXFileReference; lastKnownFileType = sourcecode.swift; path = UserPageView.swift; sourceTree = "<group>"; };
		DC018EF528EA3F220044ACBE /* SettingView.swift */ = {isa = PBXFileReference; lastKnownFileType = sourcecode.swift; path = SettingView.swift; sourceTree = "<group>"; };
		DC018EFB28EA49240044ACBE /* UserViewModel.swift */ = {isa = PBXFileReference; lastKnownFileType = sourcecode.swift; path = UserViewModel.swift; sourceTree = "<group>"; };
		DC018EFD28EAC9850044ACBE /* CurrentAddButtonView.swift */ = {isa = PBXFileReference; lastKnownFileType = sourcecode.swift; path = CurrentAddButtonView.swift; sourceTree = "<group>"; };
/* End PBXFileReference section */

/* Begin PBXFrameworksBuildPhase section */
		DC018EC328E96B200044ACBE /* Frameworks */ = {
			isa = PBXFrameworksBuildPhase;
			buildActionMask = 2147483647;
			files = (
			);
			runOnlyForDeploymentPostprocessing = 0;
		};
/* End PBXFrameworksBuildPhase section */

/* Begin PBXGroup section */
		DC018EBD28E96B200044ACBE = {
			isa = PBXGroup;
			children = (
				DC018EC828E96B200044ACBE /* Routine */,
				DC018EC728E96B200044ACBE /* Products */,
			);
			sourceTree = "<group>";
		};
		DC018EC728E96B200044ACBE /* Products */ = {
			isa = PBXGroup;
			children = (
				DC018EC628E96B200044ACBE /* Routine.app */,
			);
			name = Products;
			sourceTree = "<group>";
		};
		DC018EC828E96B200044ACBE /* Routine */ = {
			isa = PBXGroup;
			children = (
				DC018EC928E96B200044ACBE /* RoutineApp.swift */,
				DC018ECB28E96B200044ACBE /* ContentView.swift */,
				DC018EEC28E97E940044ACBE /* Views */,
				DC018EF828EA440F0044ACBE /* ViewModels */,
				DC018EE428E96C030044ACBE /* Models */,
				DC018ECD28E96B220044ACBE /* Assets.xcassets */,
				DC018ECF28E96B220044ACBE /* Preview Content */,
			);
			path = Routine;
			sourceTree = "<group>";
		};
		DC018ECF28E96B220044ACBE /* Preview Content */ = {
			isa = PBXGroup;
			children = (
				DC018ED028E96B220044ACBE /* Preview Assets.xcassets */,
			);
			path = "Preview Content";
			sourceTree = "<group>";
		};
		DC018ED728E96BC00044ACBE /* HomePageViews */ = {
			isa = PBXGroup;
			children = (
				DC018EDC28E96BF40044ACBE /* TabBarView.swift */,
				DC018EDA28E96BF20044ACBE /* HomeView.swift */,
				DC018EDD28E96BF40044ACBE /* CurrentView.swift */,
				DC018ED928E96BF20044ACBE /* CurrentDynamicButtonView.swift */,
				DC018EFD28EAC9850044ACBE /* CurrentAddButtonView.swift */,
				DC018EDB28E96BF30044ACBE /* ListView.swift */,
				DC018ED828E96BF10044ACBE /* ListWithIconView.swift */,
			);
			path = HomePageViews;
			sourceTree = "<group>";
		};
		DC018EE428E96C030044ACBE /* Models */ = {
			isa = PBXGroup;
			children = (
				DC018EE628E96C100044ACBE /* UserModel.swift */,
				DC018EE528E96C100044ACBE /* TaskModel.swift */,
			);
			path = Models;
			sourceTree = "<group>";
		};
		DC018EE928E97BB90044ACBE /* CalendarPageViews */ = {
			isa = PBXGroup;
			children = (
				DC018EF028EA3EF80044ACBE /* CalandarPageView.swift */,
			);
			path = CalendarPageViews;
			sourceTree = "<group>";
		};
		DC018EEA28E97BC80044ACBE /* UserPageViews */ = {
			isa = PBXGroup;
			children = (
				DC018EF328EA3F140044ACBE /* UserPageView.swift */,
				DC018EF528EA3F220044ACBE /* SettingView.swift */,
			);
			path = UserPageViews;
			sourceTree = "<group>";
		};
		DC018EEB28E97E850044ACBE /* AddViews */ = {
			isa = PBXGroup;
			children = (
				DC018EED28E97EF80044ACBE /* AddView.swift */,
			);
			path = AddViews;
			sourceTree = "<group>";
		};
		DC018EEC28E97E940044ACBE /* Views */ = {
			isa = PBXGroup;
			children = (
				DC018ED728E96BC00044ACBE /* HomePageViews */,
				DC018EEB28E97E850044ACBE /* AddViews */,
				DC018EE928E97BB90044ACBE /* CalendarPageViews */,
				DC018EEA28E97BC80044ACBE /* UserPageViews */,
			);
			path = Views;
			sourceTree = "<group>";
		};
		DC018EF828EA440F0044ACBE /* ViewModels */ = {
			isa = PBXGroup;
			children = (
				DC018EFB28EA49240044ACBE /* UserViewModel.swift */,
			);
			path = ViewModels;
			sourceTree = "<group>";
		};
/* End PBXGroup section */

/* Begin PBXNativeTarget section */
		DC018EC528E96B200044ACBE /* Routine */ = {
			isa = PBXNativeTarget;
			buildConfigurationList = DC018ED428E96B220044ACBE /* Build configuration list for PBXNativeTarget "Routine" */;
			buildPhases = (
				DC018EC228E96B200044ACBE /* Sources */,
				DC018EC328E96B200044ACBE /* Frameworks */,
				DC018EC428E96B200044ACBE /* Resources */,
			);
			buildRules = (
			);
			dependencies = (
			);
			name = Routine;
			productName = Routine;
			productReference = DC018EC628E96B200044ACBE /* Routine.app */;
			productType = "com.apple.product-type.application";
		};
/* End PBXNativeTarget section */

/* Begin PBXProject section */
		DC018EBE28E96B200044ACBE /* Project object */ = {
			isa = PBXProject;
			attributes = {
				BuildIndependentTargetsInParallel = 1;
				LastSwiftUpdateCheck = 1340;
				LastUpgradeCheck = 1340;
				TargetAttributes = {
					DC018EC528E96B200044ACBE = {
						CreatedOnToolsVersion = 13.4.1;
					};
				};
			};
			buildConfigurationList = DC018EC128E96B200044ACBE /* Build configuration list for PBXProject "Routine" */;
			compatibilityVersion = "Xcode 13.0";
			developmentRegion = en;
			hasScannedForEncodings = 0;
			knownRegions = (
				en,
				Base,
			);
			mainGroup = DC018EBD28E96B200044ACBE;
			productRefGroup = DC018EC728E96B200044ACBE /* Products */;
			projectDirPath = "";
			projectRoot = "";
			targets = (
				DC018EC528E96B200044ACBE /* Routine */,
			);
		};
/* End PBXProject section */

/* Begin PBXResourcesBuildPhase section */
		DC018EC428E96B200044ACBE /* Resources */ = {
			isa = PBXResourcesBuildPhase;
			buildActionMask = 2147483647;
			files = (
				DC018ED128E96B220044ACBE /* Preview Assets.xcassets in Resources */,
				DC018ECE28E96B220044ACBE /* Assets.xcassets in Resources */,
			);
			runOnlyForDeploymentPostprocessing = 0;
		};
/* End PBXResourcesBuildPhase section */

/* Begin PBXSourcesBuildPhase section */
		DC018EC228E96B200044ACBE /* Sources */ = {
			isa = PBXSourcesBuildPhase;
			buildActionMask = 2147483647;
			files = (
				DC018EDF28E96BF40044ACBE /* CurrentDynamicButtonView.swift in Sources */,
				DC018EE728E96C100044ACBE /* TaskModel.swift in Sources */,
				DC018ECC28E96B200044ACBE /* ContentView.swift in Sources */,
				DC018EF628EA3F220044ACBE /* SettingView.swift in Sources */,
				DC018EE328E96BF40044ACBE /* CurrentView.swift in Sources */,
				DC018EE228E96BF40044ACBE /* TabBarView.swift in Sources */,
				DC018EE128E96BF40044ACBE /* ListView.swift in Sources */,
				DC018ECA28E96B200044ACBE /* RoutineApp.swift in Sources */,
				DC018EFE28EAC9850044ACBE /* CurrentAddButtonView.swift in Sources */,
				DC018EFC28EA49240044ACBE /* UserViewModel.swift in Sources */,
				DC018EEE28E97EF80044ACBE /* AddView.swift in Sources */,
				DC018EE028E96BF40044ACBE /* HomeView.swift in Sources */,
				DC018EE828E96C100044ACBE /* UserModel.swift in Sources */,
				DC018EF428EA3F140044ACBE /* UserPageView.swift in Sources */,
				DC018EDE28E96BF40044ACBE /* ListWithIconView.swift in Sources */,
				DC018EF128EA3EF80044ACBE /* CalandarPageView.swift in Sources */,
			);
			runOnlyForDeploymentPostprocessing = 0;
		};
/* End PBXSourcesBuildPhase section */

/* Begin XCBuildConfiguration section */
		DC018ED228E96B220044ACBE /* Debug */ = {
			isa = XCBuildConfiguration;
			buildSettings = {
				ALWAYS_SEARCH_USER_PATHS = NO;
				CLANG_ANALYZER_NONNULL = YES;
				CLANG_ANALYZER_NUMBER_OBJECT_CONVERSION = YES_AGGRESSIVE;
				CLANG_CXX_LANGUAGE_STANDARD = "gnu++17";
				CLANG_ENABLE_MODULES = YES;
				CLANG_ENABLE_OBJC_ARC = YES;
				CLANG_ENABLE_OBJC_WEAK = YES;
				CLANG_WARN_BLOCK_CAPTURE_AUTORELEASING = YES;
				CLANG_WARN_BOOL_CONVERSION = YES;
				CLANG_WARN_COMMA = YES;
				CLANG_WARN_CONSTANT_CONVERSION = YES;
				CLANG_WARN_DEPRECATED_OBJC_IMPLEMENTATIONS = YES;
				CLANG_WARN_DIRECT_OBJC_ISA_USAGE = YES_ERROR;
				CLANG_WARN_DOCUMENTATION_COMMENTS = YES;
				CLANG_WARN_EMPTY_BODY = YES;
				CLANG_WARN_ENUM_CONVERSION = YES;
				CLANG_WARN_INFINITE_RECURSION = YES;
				CLANG_WARN_INT_CONVERSION = YES;
				CLANG_WARN_NON_LITERAL_NULL_CONVERSION = YES;
				CLANG_WARN_OBJC_IMPLICIT_RETAIN_SELF = YES;
				CLANG_WARN_OBJC_LITERAL_CONVERSION = YES;
				CLANG_WARN_OBJC_ROOT_CLASS = YES_ERROR;
				CLANG_WARN_QUOTED_INCLUDE_IN_FRAMEWORK_HEADER = YES;
				CLANG_WARN_RANGE_LOOP_ANALYSIS = YES;
				CLANG_WARN_STRICT_PROTOTYPES = YES;
				CLANG_WARN_SUSPICIOUS_MOVE = YES;
				CLANG_WARN_UNGUARDED_AVAILABILITY = YES_AGGRESSIVE;
				CLANG_WARN_UNREACHABLE_CODE = YES;
				CLANG_WARN__DUPLICATE_METHOD_MATCH = YES;
				COPY_PHASE_STRIP = NO;
				DEBUG_INFORMATION_FORMAT = dwarf;
				ENABLE_STRICT_OBJC_MSGSEND = YES;
				ENABLE_TESTABILITY = YES;
				GCC_C_LANGUAGE_STANDARD = gnu11;
				GCC_DYNAMIC_NO_PIC = NO;
				GCC_NO_COMMON_BLOCKS = YES;
				GCC_OPTIMIZATION_LEVEL = 0;
				GCC_PREPROCESSOR_DEFINITIONS = (
					"DEBUG=1",
					"$(inherited)",
				);
				GCC_WARN_64_TO_32_BIT_CONVERSION = YES;
				GCC_WARN_ABOUT_RETURN_TYPE = YES_ERROR;
				GCC_WARN_UNDECLARED_SELECTOR = YES;
				GCC_WARN_UNINITIALIZED_AUTOS = YES_AGGRESSIVE;
				GCC_WARN_UNUSED_FUNCTION = YES;
				GCC_WARN_UNUSED_VARIABLE = YES;
				IPHONEOS_DEPLOYMENT_TARGET = 15.5;
				MTL_ENABLE_DEBUG_INFO = INCLUDE_SOURCE;
				MTL_FAST_MATH = YES;
				ONLY_ACTIVE_ARCH = YES;
				SDKROOT = iphoneos;
				SWIFT_ACTIVE_COMPILATION_CONDITIONS = DEBUG;
				SWIFT_OPTIMIZATION_LEVEL = "-Onone";
			};
			name = Debug;
		};
		DC018ED328E96B220044ACBE /* Release */ = {
			isa = XCBuildConfiguration;
			buildSettings = {
				ALWAYS_SEARCH_USER_PATHS = NO;
				CLANG_ANALYZER_NONNULL = YES;
				CLANG_ANALYZER_NUMBER_OBJECT_CONVERSION = YES_AGGRESSIVE;
				CLANG_CXX_LANGUAGE_STANDARD = "gnu++17";
				CLANG_ENABLE_MODULES = YES;
				CLANG_ENABLE_OBJC_ARC = YES;
				CLANG_ENABLE_OBJC_WEAK = YES;
				CLANG_WARN_BLOCK_CAPTURE_AUTORELEASING = YES;
				CLANG_WARN_BOOL_CONVERSION = YES;
				CLANG_WARN_COMMA = YES;
				CLANG_WARN_CONSTANT_CONVERSION = YES;
				CLANG_WARN_DEPRECATED_OBJC_IMPLEMENTATIONS = YES;
				CLANG_WARN_DIRECT_OBJC_ISA_USAGE = YES_ERROR;
				CLANG_WARN_DOCUMENTATION_COMMENTS = YES;
				CLANG_WARN_EMPTY_BODY = YES;
				CLANG_WARN_ENUM_CONVERSION = YES;
				CLANG_WARN_INFINITE_RECURSION = YES;
				CLANG_WARN_INT_CONVERSION = YES;
				CLANG_WARN_NON_LITERAL_NULL_CONVERSION = YES;
				CLANG_WARN_OBJC_IMPLICIT_RETAIN_SELF = YES;
				CLANG_WARN_OBJC_LITERAL_CONVERSION = YES;
				CLANG_WARN_OBJC_ROOT_CLASS = YES_ERROR;
				CLANG_WARN_QUOTED_INCLUDE_IN_FRAMEWORK_HEADER = YES;
				CLANG_WARN_RANGE_LOOP_ANALYSIS = YES;
				CLANG_WARN_STRICT_PROTOTYPES = YES;
				CLANG_WARN_SUSPICIOUS_MOVE = YES;
				CLANG_WARN_UNGUARDED_AVAILABILITY = YES_AGGRESSIVE;
				CLANG_WARN_UNREACHABLE_CODE = YES;
				CLANG_WARN__DUPLICATE_METHOD_MATCH = YES;
				COPY_PHASE_STRIP = NO;
				DEBUG_INFORMATION_FORMAT = "dwarf-with-dsym";
				ENABLE_NS_ASSERTIONS = NO;
				ENABLE_STRICT_OBJC_MSGSEND = YES;
				GCC_C_LANGUAGE_STANDARD = gnu11;
				GCC_NO_COMMON_BLOCKS = YES;
				GCC_WARN_64_TO_32_BIT_CONVERSION = YES;
				GCC_WARN_ABOUT_RETURN_TYPE = YES_ERROR;
				GCC_WARN_UNDECLARED_SELECTOR = YES;
				GCC_WARN_UNINITIALIZED_AUTOS = YES_AGGRESSIVE;
				GCC_WARN_UNUSED_FUNCTION = YES;
				GCC_WARN_UNUSED_VARIABLE = YES;
				IPHONEOS_DEPLOYMENT_TARGET = 15.5;
				MTL_ENABLE_DEBUG_INFO = NO;
				MTL_FAST_MATH = YES;
				SDKROOT = iphoneos;
				SWIFT_COMPILATION_MODE = wholemodule;
				SWIFT_OPTIMIZATION_LEVEL = "-O";
				VALIDATE_PRODUCT = YES;
			};
			name = Release;
		};
		DC018ED528E96B220044ACBE /* Debug */ = {
			isa = XCBuildConfiguration;
			buildSettings = {
				ASSETCATALOG_COMPILER_APPICON_NAME = AppIcon;
				ASSETCATALOG_COMPILER_GLOBAL_ACCENT_COLOR_NAME = AccentColor;
				CODE_SIGN_STYLE = Automatic;
				CURRENT_PROJECT_VERSION = 1;
				DEVELOPMENT_ASSET_PATHS = "\"Routine/Preview Content\"";
				DEVELOPMENT_TEAM = ZGPM5R49KX;
				ENABLE_PREVIEWS = YES;
				GENERATE_INFOPLIST_FILE = YES;
				INFOPLIST_KEY_UIApplicationSceneManifest_Generation = YES;
				INFOPLIST_KEY_UIApplicationSupportsIndirectInputEvents = YES;
				INFOPLIST_KEY_UILaunchScreen_Generation = YES;
				INFOPLIST_KEY_UISupportedInterfaceOrientations_iPad = "UIInterfaceOrientationPortrait UIInterfaceOrientationPortraitUpsideDown UIInterfaceOrientationLandscapeLeft UIInterfaceOrientationLandscapeRight";
				INFOPLIST_KEY_UISupportedInterfaceOrientations_iPhone = "UIInterfaceOrientationPortrait UIInterfaceOrientationLandscapeLeft UIInterfaceOrientationLandscapeRight";
				IPHONEOS_DEPLOYMENT_TARGET = 14.7;
				LD_RUNPATH_SEARCH_PATHS = (
					"$(inherited)",
					"@executable_path/Frameworks",
				);
				MARKETING_VERSION = 1.0;
				PRODUCT_BUNDLE_IDENTIFIER = dajun.Routine;
				PRODUCT_NAME = "$(TARGET_NAME)";
				SWIFT_EMIT_LOC_STRINGS = YES;
				SWIFT_VERSION = 5.0;
				TARGETED_DEVICE_FAMILY = "1,2";
			};
			name = Debug;
		};
		DC018ED628E96B220044ACBE /* Release */ = {
			isa = XCBuildConfiguration;
			buildSettings = {
				ASSETCATALOG_COMPILER_APPICON_NAME = AppIcon;
				ASSETCATALOG_COMPILER_GLOBAL_ACCENT_COLOR_NAME = AccentColor;
				CODE_SIGN_STYLE = Automatic;
				CURRENT_PROJECT_VERSION = 1;
				DEVELOPMENT_ASSET_PATHS = "\"Routine/Preview Content\"";
				DEVELOPMENT_TEAM = ZGPM5R49KX;
				ENABLE_PREVIEWS = YES;
				GENERATE_INFOPLIST_FILE = YES;
				INFOPLIST_KEY_UIApplicationSceneManifest_Generation = YES;
				INFOPLIST_KEY_UIApplicationSupportsIndirectInputEvents = YES;
				INFOPLIST_KEY_UILaunchScreen_Generation = YES;
				INFOPLIST_KEY_UISupportedInterfaceOrientations_iPad = "UIInterfaceOrientationPortrait UIInterfaceOrientationPortraitUpsideDown UIInterfaceOrientationLandscapeLeft UIInterfaceOrientationLandscapeRight";
				INFOPLIST_KEY_UISupportedInterfaceOrientations_iPhone = "UIInterfaceOrientationPortrait UIInterfaceOrientationLandscapeLeft UIInterfaceOrientationLandscapeRight";
				IPHONEOS_DEPLOYMENT_TARGET = 14.7;
				LD_RUNPATH_SEARCH_PATHS = (
					"$(inherited)",
					"@executable_path/Frameworks",
				);
				MARKETING_VERSION = 1.0;
				PRODUCT_BUNDLE_IDENTIFIER = dajun.Routine;
				PRODUCT_NAME = "$(TARGET_NAME)";
				SWIFT_EMIT_LOC_STRINGS = YES;
				SWIFT_VERSION = 5.0;
				TARGETED_DEVICE_FAMILY = "1,2";
			};
			name = Release;
		};
/* End XCBuildConfiguration section */

/* Begin XCConfigurationList section */
		DC018EC128E96B200044ACBE /* Build configuration list for PBXProject "Routine" */ = {
			isa = XCConfigurationList;
			buildConfigurations = (
				DC018ED228E96B220044ACBE /* Debug */,
				DC018ED328E96B220044ACBE /* Release */,
			);
			defaultConfigurationIsVisible = 0;
			defaultConfigurationName = Release;
		};
		DC018ED428E96B220044ACBE /* Build configuration list for PBXNativeTarget "Routine" */ = {
			isa = XCConfigurationList;
			buildConfigurations = (
				DC018ED528E96B220044ACBE /* Debug */,
				DC018ED628E96B220044ACBE /* Release */,
			);
			defaultConfigurationIsVisible = 0;
			defaultConfigurationName = Release;
		};
/* End XCConfigurationList section */
	};
	rootObject = DC018EBE28E96B200044ACBE /* Project object */;
}
